
Microsoft Visual Studio Solution File, Format Version 12.00
# Visual Studio Version 17
VisualStudioVersion = 17.4.33205.214
MinimumVisualStudioVersion = 10.0.40219.1
Project("{2150E333-8FDC-42A3-9474-1A3956D46DE8}") = "Microservices", "Microservices", "{6088DEFE-F314-458D-9E48-86C82BC5C479}"
EndProject
Project("{2150E333-8FDC-42A3-9474-1A3956D46DE8}") = "Product", "Product", "{B1BAF344-858C-41B7-9676-CFC852AA3005}"
EndProject
Project("{9A19103F-16F7-4668-BE54-9A1E7A4F7556}") = "ProductAPI", "Product\ProductAPI.csproj", "{476DBE2D-12D8-4296-906C-0C6788149203}"
EndProject
Project("{2150E333-8FDC-42A3-9474-1A3956D46DE8}") = "Authentication", "Authentication", "{CBFD5776-5633-4B1A-8469-874571149F66}"
EndProject
Project("{9A19103F-16F7-4668-BE54-9A1E7A4F7556}") = "Auth", "Authentication\Auth.csproj", "{BE804775-D79C-42A7-B96E-5F889236E1CE}"
EndProject
Project("{2150E333-8FDC-42A3-9474-1A3956D46DE8}") = "Order", "Order", "{77491FE1-D67A-46F9-ACE3-42E699D3B00C}"
EndProject
Project("{2150E333-8FDC-42A3-9474-1A3956D46DE8}") = "Payment", "Payment", "{403FF5E0-7EA8-48B4-B923-F5DF5099A39A}"
EndProject
Project("{9A19103F-16F7-4668-BE54-9A1E7A4F7556}") = "Payment", "Payment\Payment.csproj", "{3556F13A-90E1-40BB-8173-191273F2231D}"
EndProject
Project("{9A19103F-16F7-4668-BE54-9A1E7A4F7556}") = "OrderAPI", "Order\OrderAPI.csproj", "{E2E22AFA-E804-49AA-9ED6-66F9A9AFD293}"
EndProject
Project("{2150E333-8FDC-42A3-9474-1A3956D46DE8}") = "ApiGateway", "ApiGateway", "{60BB06C5-BEA3-4D17-BDBC-582A12CE11DF}"
EndProject
Project("{9A19103F-16F7-4668-BE54-9A1E7A4F7556}") = "ApiGateway", "ApiGateway\ApiGateway.csproj", "{264425AB-C959-4EDB-88CA-E1AEA6A2D329}"
EndProject
Global
	GlobalSection(SolutionConfigurationPlatforms) = preSolution
		Debug|Any CPU = Debug|Any CPU
		Release|Any CPU = Release|Any CPU
	EndGlobalSection
	GlobalSection(ProjectConfigurationPlatforms) = postSolution
		{476DBE2D-12D8-4296-906C-0C6788149203}.Debug|Any CPU.ActiveCfg = Debug|Any CPU
		{476DBE2D-12D8-4296-906C-0C6788149203}.Debug|Any CPU.Build.0 = Debug|Any CPU
		{476DBE2D-12D8-4296-906C-0C6788149203}.Release|Any CPU.ActiveCfg = Release|Any CPU
		{476DBE2D-12D8-4296-906C-0C6788149203}.Release|Any CPU.Build.0 = Release|Any CPU
		{BE804775-D79C-42A7-B96E-5F889236E1CE}.Debug|Any CPU.ActiveCfg = Debug|Any CPU
		{BE804775-D79C-42A7-B96E-5F889236E1CE}.Debug|Any CPU.Build.0 = Debug|Any CPU
		{BE804775-D79C-42A7-B96E-5F889236E1CE}.Release|Any CPU.ActiveCfg = Release|Any CPU
		{BE804775-D79C-42A7-B96E-5F889236E1CE}.Release|Any CPU.Build.0 = Release|Any CPU
		{3556F13A-90E1-40BB-8173-191273F2231D}.Debug|Any CPU.ActiveCfg = Debug|Any CPU
		{3556F13A-90E1-40BB-8173-191273F2231D}.Debug|Any CPU.Build.0 = Debug|Any CPU
		{3556F13A-90E1-40BB-8173-191273F2231D}.Release|Any CPU.ActiveCfg = Release|Any CPU
		{3556F13A-90E1-40BB-8173-191273F2231D}.Release|Any CPU.Build.0 = Release|Any CPU
		{E2E22AFA-E804-49AA-9ED6-66F9A9AFD293}.Debug|Any CPU.ActiveCfg = Debug|Any CPU
		{E2E22AFA-E804-49AA-9ED6-66F9A9AFD293}.Debug|Any CPU.Build.0 = Debug|Any CPU
		{E2E22AFA-E804-49AA-9ED6-66F9A9AFD293}.Release|Any CPU.ActiveCfg = Release|Any CPU
		{E2E22AFA-E804-49AA-9ED6-66F9A9AFD293}.Release|Any CPU.Build.0 = Release|Any CPU
		{264425AB-C959-4EDB-88CA-E1AEA6A2D329}.Debug|Any CPU.ActiveCfg = Debug|Any CPU
		{264425AB-C959-4EDB-88CA-E1AEA6A2D329}.Debug|Any CPU.Build.0 = Debug|Any CPU
		{264425AB-C959-4EDB-88CA-E1AEA6A2D329}.Release|Any CPU.ActiveCfg = Release|Any CPU
		{264425AB-C959-4EDB-88CA-E1AEA6A2D329}.Release|Any CPU.Build.0 = Release|Any CPU
	EndGlobalSection
	GlobalSection(SolutionProperties) = preSolution
		HideSolutionNode = FALSE
	EndGlobalSection
	GlobalSection(NestedProjects) = preSolution
		{B1BAF344-858C-41B7-9676-CFC852AA3005} = {6088DEFE-F314-458D-9E48-86C82BC5C479}
		{476DBE2D-12D8-4296-906C-0C6788149203} = {B1BAF344-858C-41B7-9676-CFC852AA3005}
		{CBFD5776-5633-4B1A-8469-874571149F66} = {6088DEFE-F314-458D-9E48-86C82BC5C479}
		{BE804775-D79C-42A7-B96E-5F889236E1CE} = {CBFD5776-5633-4B1A-8469-874571149F66}
		{77491FE1-D67A-46F9-ACE3-42E699D3B00C} = {6088DEFE-F314-458D-9E48-86C82BC5C479}
		{403FF5E0-7EA8-48B4-B923-F5DF5099A39A} = {6088DEFE-F314-458D-9E48-86C82BC5C479}
		{3556F13A-90E1-40BB-8173-191273F2231D} = {403FF5E0-7EA8-48B4-B923-F5DF5099A39A}
		{E2E22AFA-E804-49AA-9ED6-66F9A9AFD293} = {77491FE1-D67A-46F9-ACE3-42E699D3B00C}
		{264425AB-C959-4EDB-88CA-E1AEA6A2D329} = {60BB06C5-BEA3-4D17-BDBC-582A12CE11DF}
	EndGlobalSection
	GlobalSection(ExtensibilityGlobals) = postSolution
		SolutionGuid = {B4C936C0-E95E-47D1-85E9-D2183B9EF9DF}
	EndGlobalSection
EndGlobal
